
Microsoft Visual Studio Solution File, Format Version 12.00
# Visual Studio 14
VisualStudioVersion = 14.0.23107.0
MinimumVisualStudioVersion = 10.0.40219.1
Project("{FAE04EC0-301F-11D3-BF4B-00C04F79EFBC}") = "NullConditionalDemo", "NullConditionalDemo\NullConditionalDemo.csproj", "{C0BF33A8-0A9F-4B82-BF09-77E0512D6627}"
EndProject
Project("{FAE04EC0-301F-11D3-BF4B-00C04F79EFBC}") = "NullConditionalDemo.Tests", "NullConditionalDemo.Tests\NullConditionalDemo.Tests.csproj", "{832E2412-F089-459F-B47B-2DED35816037}"
EndProject
Global
	GlobalSection(SolutionConfigurationPlatforms) = preSolution
		Debug|Any CPU = Debug|Any CPU
		Release|Any CPU = Release|Any CPU
	EndGlobalSection
	GlobalSection(ProjectConfigurationPlatforms) = postSolution
		{C0BF33A8-0A9F-4B82-BF09-77E0512D6627}.Debug|Any CPU.ActiveCfg = Debug|Any CPU
		{C0BF33A8-0A9F-4B82-BF09-77E0512D6627}.Debug|Any CPU.Build.0 = Debug|Any CPU
		{C0BF33A8-0A9F-4B82-BF09-77E0512D6627}.Release|Any CPU.ActiveCfg = Release|Any CPU
		{C0BF33A8-0A9F-4B82-BF09-77E0512D6627}.Release|Any CPU.Build.0 = Release|Any CPU
		{832E2412-F089-459F-B47B-2DED35816037}.Debug|Any CPU.ActiveCfg = Debug|Any CPU
		{832E2412-F089-459F-B47B-2DED35816037}.Debug|Any CPU.Build.0 = Debug|Any CPU
		{832E2412-F089-459F-B47B-2DED35816037}.Release|Any CPU.ActiveCfg = Release|Any CPU
		{832E2412-F089-459F-B47B-2DED35816037}.Release|Any CPU.Build.0 = Release|Any CPU
	EndGlobalSection
	GlobalSection(SolutionProperties) = preSolution
		HideSolutionNode = FALSE
	EndGlobalSection
EndGlobal
